
Microsoft Visual Studio Solution File, Format Version 12.00
# Visual Studio Version 16
VisualStudioVersion = 16.0.32002.261
MinimumVisualStudioVersion = 10.0.40219.1
Project("{FAE04EC0-301F-11D3-BF4B-00C04F79EFBC}") = "WADQuan", "WADQuan\WADQuan.csproj", "{6472C85A-2E65-499F-AE73-B5BEA80BC31E}"
EndProject
Global
	GlobalSection(SolutionConfigurationPlatforms) = preSolution
		Debug|Any CPU = Debug|Any CPU
		Release|Any CPU = Release|Any CPU
	EndGlobalSection
	GlobalSection(ProjectConfigurationPlatforms) = postSolution
		{6472C85A-2E65-499F-AE73-B5BEA80BC31E}.Debug|Any CPU.ActiveCfg = Debug|Any CPU
		{6472C85A-2E65-499F-AE73-B5BEA80BC31E}.Debug|Any CPU.Build.0 = Debug|Any CPU
		{6472C85A-2E65-499F-AE73-B5BEA80BC31E}.Release|Any CPU.ActiveCfg = Release|Any CPU
		{6472C85A-2E65-499F-AE73-B5BEA80BC31E}.Release|Any CPU.Build.0 = Release|Any CPU
	EndGlobalSection
	GlobalSection(SolutionProperties) = preSolution
		HideSolutionNode = FALSE
	EndGlobalSection
	GlobalSection(ExtensibilityGlobals) = postSolution
		SolutionGuid = {ABCB2F27-13FD-412A-90A9-627BC73CBE17}
	EndGlobalSection
EndGlobal
